// !$*UTF8*$!
{
	archiveVersion = 1;
	classes = {
	};
	objectVersion = 50;
	objects = {

/* Begin PBXBuildFile section */
		683BBC7D24695B5000A2BE08 /* BrandsListController.swift in Sources */ = {isa = PBXBuildFile; fileRef = 683BBC7C24695B5000A2BE08 /* BrandsListController.swift */; };
		683BBC8124695BF300A2BE08 /* BrandCell.swift in Sources */ = {isa = PBXBuildFile; fileRef = 683BBC7F24695BF300A2BE08 /* BrandCell.swift */; };
		683BBC8224695BF300A2BE08 /* BrandCell.xib in Resources */ = {isa = PBXBuildFile; fileRef = 683BBC8024695BF300A2BE08 /* BrandCell.xib */; };
		683BBC8624695DA500A2BE08 /* TableCell.swift in Sources */ = {isa = PBXBuildFile; fileRef = 683BBC8524695DA500A2BE08 /* TableCell.swift */; };
		683BBC8824695DBD00A2BE08 /* NSObject.swift in Sources */ = {isa = PBXBuildFile; fileRef = 683BBC8724695DBC00A2BE08 /* NSObject.swift */; };
		AFAC862224686D4B005F908D /* AppDelegate.swift in Sources */ = {isa = PBXBuildFile; fileRef = AFAC862124686D4B005F908D /* AppDelegate.swift */; };
		AFAC862924686D4B005F908D /* Main.storyboard in Resources */ = {isa = PBXBuildFile; fileRef = AFAC862724686D4B005F908D /* Main.storyboard */; };
		AFAC862B24686D4D005F908D /* Assets.xcassets in Resources */ = {isa = PBXBuildFile; fileRef = AFAC862A24686D4D005F908D /* Assets.xcassets */; };
		AFAC862E24686D4D005F908D /* LaunchScreen.storyboard in Resources */ = {isa = PBXBuildFile; fileRef = AFAC862C24686D4D005F908D /* LaunchScreen.storyboard */; };
		AFAC863C24687749005F908D /* Brand.swift in Sources */ = {isa = PBXBuildFile; fileRef = AFAC863B24687749005F908D /* Brand.swift */; };
		AFAC863E24687754005F908D /* Car.swift in Sources */ = {isa = PBXBuildFile; fileRef = AFAC863D24687754005F908D /* Car.swift */; };
		AFAC86402468776D005F908D /* Spec.swift in Sources */ = {isa = PBXBuildFile; fileRef = AFAC863F2468776D005F908D /* Spec.swift */; };
		AFAC864224687817005F908D /* NavigationController.swift in Sources */ = {isa = PBXBuildFile; fileRef = AFAC864124687817005F908D /* NavigationController.swift */; };
		AFAC864424687852005F908D /* ViewController.swift in Sources */ = {isa = PBXBuildFile; fileRef = AFAC864324687852005F908D /* ViewController.swift */; };
		AFAC864624687B05005F908D /* TableViewController.swift in Sources */ = {isa = PBXBuildFile; fileRef = AFAC864524687B05005F908D /* TableViewController.swift */; };
/* End PBXBuildFile section */

/* Begin PBXFileReference section */
		683BBC7C24695B5000A2BE08 /* BrandsListController.swift */ = {isa = PBXFileReference; lastKnownFileType = sourcecode.swift; path = BrandsListController.swift; sourceTree = "<group>"; };
		683BBC7F24695BF300A2BE08 /* BrandCell.swift */ = {isa = PBXFileReference; lastKnownFileType = sourcecode.swift; path = BrandCell.swift; sourceTree = "<group>"; };
		683BBC8024695BF300A2BE08 /* BrandCell.xib */ = {isa = PBXFileReference; lastKnownFileType = file.xib; path = BrandCell.xib; sourceTree = "<group>"; };
		683BBC8524695DA500A2BE08 /* TableCell.swift */ = {isa = PBXFileReference; fileEncoding = 4; lastKnownFileType = sourcecode.swift; path = TableCell.swift; sourceTree = "<group>"; };
		683BBC8724695DBC00A2BE08 /* NSObject.swift */ = {isa = PBXFileReference; fileEncoding = 4; lastKnownFileType = sourcecode.swift; path = NSObject.swift; sourceTree = "<group>"; };
		AFAC861E24686D4B005F908D /* My_lesson19_UITableView+Model.app */ = {isa = PBXFileReference; explicitFileType = wrapper.application; includeInIndex = 0; path = "My_lesson19_UITableView+Model.app"; sourceTree = BUILT_PRODUCTS_DIR; };
		AFAC862124686D4B005F908D /* AppDelegate.swift */ = {isa = PBXFileReference; lastKnownFileType = sourcecode.swift; path = AppDelegate.swift; sourceTree = "<group>"; };
		AFAC862824686D4B005F908D /* Base */ = {isa = PBXFileReference; lastKnownFileType = file.storyboard; name = Base; path = Base.lproj/Main.storyboard; sourceTree = "<group>"; };
		AFAC862A24686D4D005F908D /* Assets.xcassets */ = {isa = PBXFileReference; lastKnownFileType = folder.assetcatalog; path = Assets.xcassets; sourceTree = "<group>"; };
		AFAC862D24686D4D005F908D /* Base */ = {isa = PBXFileReference; lastKnownFileType = file.storyboard; name = Base; path = Base.lproj/LaunchScreen.storyboard; sourceTree = "<group>"; };
		AFAC862F24686D4D005F908D /* Info.plist */ = {isa = PBXFileReference; lastKnownFileType = text.plist.xml; path = Info.plist; sourceTree = "<group>"; };
		AFAC863B24687749005F908D /* Brand.swift */ = {isa = PBXFileReference; lastKnownFileType = sourcecode.swift; path = Brand.swift; sourceTree = "<group>"; };
		AFAC863D24687754005F908D /* Car.swift */ = {isa = PBXFileReference; lastKnownFileType = sourcecode.swift; path = Car.swift; sourceTree = "<group>"; };
		AFAC863F2468776D005F908D /* Spec.swift */ = {isa = PBXFileReference; lastKnownFileType = sourcecode.swift; path = Spec.swift; sourceTree = "<group>"; };
		AFAC864124687817005F908D /* NavigationController.swift */ = {isa = PBXFileReference; lastKnownFileType = sourcecode.swift; path = NavigationController.swift; sourceTree = "<group>"; };
		AFAC864324687852005F908D /* ViewController.swift */ = {isa = PBXFileReference; lastKnownFileType = sourcecode.swift; path = ViewController.swift; sourceTree = "<group>"; };
		AFAC864524687B05005F908D /* TableViewController.swift */ = {isa = PBXFileReference; lastKnownFileType = sourcecode.swift; path = TableViewController.swift; sourceTree = "<group>"; };
/* End PBXFileReference section */

/* Begin PBXFrameworksBuildPhase section */
		AFAC861B24686D4B005F908D /* Frameworks */ = {
			isa = PBXFrameworksBuildPhase;
			buildActionMask = 2147483647;
			files = (
			);
			runOnlyForDeploymentPostprocessing = 0;
		};
/* End PBXFrameworksBuildPhase section */

/* Begin PBXGroup section */
		683BBC7E24695B9300A2BE08 /* Cells */ = {
			isa = PBXGroup;
			children = (
				683BBC7F24695BF300A2BE08 /* BrandCell.swift */,
				683BBC8024695BF300A2BE08 /* BrandCell.xib */,
			);
			path = Cells;
			sourceTree = "<group>";
		};
		683BBC8324695CC600A2BE08 /* Extention */ = {
			isa = PBXGroup;
			children = (
				683BBC8724695DBC00A2BE08 /* NSObject.swift */,
			);
			path = Extention;
			sourceTree = "<group>";
		};
		683BBC8424695D6000A2BE08 /* Views */ = {
			isa = PBXGroup;
			children = (
				683BBC8524695DA500A2BE08 /* TableCell.swift */,
			);
			path = Views;
			sourceTree = "<group>";
		};
		AFAC861524686D4B005F908D = {
			isa = PBXGroup;
			children = (
				AFAC862024686D4B005F908D /* My_lesson19_UITableView+Model */,
				AFAC861F24686D4B005F908D /* Products */,
			);
			sourceTree = "<group>";
		};
		AFAC861F24686D4B005F908D /* Products */ = {
			isa = PBXGroup;
			children = (
				AFAC861E24686D4B005F908D /* My_lesson19_UITableView+Model.app */,
			);
			name = Products;
			sourceTree = "<group>";
		};
		AFAC862024686D4B005F908D /* My_lesson19_UITableView+Model */ = {
			isa = PBXGroup;
			children = (
				683BBC8324695CC600A2BE08 /* Extention */,
				AFAC862124686D4B005F908D /* AppDelegate.swift */,
				AFAC86362468766B005F908D /* Model */,
				AFAC863524687662005F908D /* UI */,
				AFAC862724686D4B005F908D /* Main.storyboard */,
				AFAC862A24686D4D005F908D /* Assets.xcassets */,
				AFAC862C24686D4D005F908D /* LaunchScreen.storyboard */,
				AFAC862F24686D4D005F908D /* Info.plist */,
			);
			path = "My_lesson19_UITableView+Model";
			sourceTree = "<group>";
		};
		AFAC863524687662005F908D /* UI */ = {
			isa = PBXGroup;
			children = (
				AFAC863A246876F9005F908D /* ModelSpec */,
				AFAC8639246876D3005F908D /* CarModel */,
				AFAC8638246876CA005F908D /* Brand */,
				AFAC86372468767A005F908D /* Base */,
			);
			path = UI;
			sourceTree = "<group>";
		};
		AFAC86362468766B005F908D /* Model */ = {
			isa = PBXGroup;
			children = (
				AFAC863B24687749005F908D /* Brand.swift */,
				AFAC863D24687754005F908D /* Car.swift */,
				AFAC863F2468776D005F908D /* Spec.swift */,
			);
			path = Model;
			sourceTree = "<group>";
		};
		AFAC86372468767A005F908D /* Base */ = {
			isa = PBXGroup;
			children = (
				683BBC8424695D6000A2BE08 /* Views */,
				AFAC864124687817005F908D /* NavigationController.swift */,
				AFAC864324687852005F908D /* ViewController.swift */,
				AFAC864524687B05005F908D /* TableViewController.swift */,
			);
			path = Base;
			sourceTree = "<group>";
		};
		AFAC8638246876CA005F908D /* Brand */ = {
			isa = PBXGroup;
			children = (
				683BBC7E24695B9300A2BE08 /* Cells */,
				683BBC7C24695B5000A2BE08 /* BrandsListController.swift */,
			);
			path = Brand;
			sourceTree = "<group>";
		};
		AFAC8639246876D3005F908D /* CarModel */ = {
			isa = PBXGroup;
			children = (
			);
			path = CarModel;
			sourceTree = "<group>";
		};
		AFAC863A246876F9005F908D /* ModelSpec */ = {
			isa = PBXGroup;
			children = (
			);
			path = ModelSpec;
			sourceTree = "<group>";
		};
/* End PBXGroup section */

/* Begin PBXNativeTarget section */
		AFAC861D24686D4B005F908D /* My_lesson19_UITableView+Model */ = {
			isa = PBXNativeTarget;
			buildConfigurationList = AFAC863224686D4D005F908D /* Build configuration list for PBXNativeTarget "My_lesson19_UITableView+Model" */;
			buildPhases = (
				AFAC861A24686D4B005F908D /* Sources */,
				AFAC861B24686D4B005F908D /* Frameworks */,
				AFAC861C24686D4B005F908D /* Resources */,
			);
			buildRules = (
			);
			dependencies = (
			);
			name = "My_lesson19_UITableView+Model";
			productName = "My_lesson19_UITableView+Model";
			productReference = AFAC861E24686D4B005F908D /* My_lesson19_UITableView+Model.app */;
			productType = "com.apple.product-type.application";
		};
/* End PBXNativeTarget section */

/* Begin PBXProject section */
		AFAC861624686D4B005F908D /* Project object */ = {
			isa = PBXProject;
			attributes = {
				LastSwiftUpdateCheck = 1140;
				LastUpgradeCheck = 1140;
				ORGANIZATIONNAME = "Олег Чудновский";
				TargetAttributes = {
					AFAC861D24686D4B005F908D = {
						CreatedOnToolsVersion = 11.4.1;
					};
				};
			};
			buildConfigurationList = AFAC861924686D4B005F908D /* Build configuration list for PBXProject "My_lesson19_UITableView+Model" */;
			compatibilityVersion = "Xcode 9.3";
			developmentRegion = en;
			hasScannedForEncodings = 0;
			knownRegions = (
				en,
				Base,
			);
			mainGroup = AFAC861524686D4B005F908D;
			productRefGroup = AFAC861F24686D4B005F908D /* Products */;
			projectDirPath = "";
			projectRoot = "";
			targets = (
				AFAC861D24686D4B005F908D /* My_lesson19_UITableView+Model */,
			);
		};
/* End PBXProject section */

/* Begin PBXResourcesBuildPhase section */
		AFAC861C24686D4B005F908D /* Resources */ = {
			isa = PBXResourcesBuildPhase;
			buildActionMask = 2147483647;
			files = (
				AFAC862E24686D4D005F908D /* LaunchScreen.storyboard in Resources */,
				683BBC8224695BF300A2BE08 /* BrandCell.xib in Resources */,
				AFAC862B24686D4D005F908D /* Assets.xcassets in Resources */,
				AFAC862924686D4B005F908D /* Main.storyboard in Resources */,
			);
			runOnlyForDeploymentPostprocessing = 0;
		};
/* End PBXResourcesBuildPhase section */

/* Begin PBXSourcesBuildPhase section */
		AFAC861A24686D4B005F908D /* Sources */ = {
			isa = PBXSourcesBuildPhase;
			buildActionMask = 2147483647;
			files = (
				683BBC8624695DA500A2BE08 /* TableCell.swift in Sources */,
				683BBC8824695DBD00A2BE08 /* NSObject.swift in Sources */,
				AFAC864424687852005F908D /* ViewController.swift in Sources */,
				AFAC864624687B05005F908D /* TableViewController.swift in Sources */,
				AFAC864224687817005F908D /* NavigationController.swift in Sources */,
				AFAC863C24687749005F908D /* Brand.swift in Sources */,
				AFAC863E24687754005F908D /* Car.swift in Sources */,
				683BBC8124695BF300A2BE08 /* BrandCell.swift in Sources */,
				AFAC86402468776D005F908D /* Spec.swift in Sources */,
				AFAC862224686D4B005F908D /* AppDelegate.swift in Sources */,
				683BBC7D24695B5000A2BE08 /* BrandsListController.swift in Sources */,
			);
			runOnlyForDeploymentPostprocessing = 0;
		};
/* End PBXSourcesBuildPhase section */

/* Begin PBXVariantGroup section */
		AFAC862724686D4B005F908D /* Main.storyboard */ = {
			isa = PBXVariantGroup;
			children = (
				AFAC862824686D4B005F908D /* Base */,
			);
			name = Main.storyboard;
			sourceTree = "<group>";
		};
		AFAC862C24686D4D005F908D /* LaunchScreen.storyboard */ = {
			isa = PBXVariantGroup;
			children = (
				AFAC862D24686D4D005F908D /* Base */,
			);
			name = LaunchScreen.storyboard;
			sourceTree = "<group>";
		};
/* End PBXVariantGroup section */

/* Begin XCBuildConfiguration section */
		AFAC863024686D4D005F908D /* Debug */ = {
			isa = XCBuildConfiguration;
			buildSettings = {
				ALWAYS_SEARCH_USER_PATHS = NO;
				CLANG_ANALYZER_NONNULL = YES;
				CLANG_ANALYZER_NUMBER_OBJECT_CONVERSION = YES_AGGRESSIVE;
				CLANG_CXX_LANGUAGE_STANDARD = "gnu++14";
				CLANG_CXX_LIBRARY = "libc++";
				CLANG_ENABLE_MODULES = YES;
				CLANG_ENABLE_OBJC_ARC = YES;
				CLANG_ENABLE_OBJC_WEAK = YES;
				CLANG_WARN_BLOCK_CAPTURE_AUTORELEASING = YES;
				CLANG_WARN_BOOL_CONVERSION = YES;
				CLANG_WARN_COMMA = YES;
				CLANG_WARN_CONSTANT_CONVERSION = YES;
				CLANG_WARN_DEPRECATED_OBJC_IMPLEMENTATIONS = YES;
				CLANG_WARN_DIRECT_OBJC_ISA_USAGE = YES_ERROR;
				CLANG_WARN_DOCUMENTATION_COMMENTS = YES;
				CLANG_WARN_EMPTY_BODY = YES;
				CLANG_WARN_ENUM_CONVERSION = YES;
				CLANG_WARN_INFINITE_RECURSION = YES;
				CLANG_WARN_INT_CONVERSION = YES;
				CLANG_WARN_NON_LITERAL_NULL_CONVERSION = YES;
				CLANG_WARN_OBJC_IMPLICIT_RETAIN_SELF = YES;
				CLANG_WARN_OBJC_LITERAL_CONVERSION = YES;
				CLANG_WARN_OBJC_ROOT_CLASS = YES_ERROR;
				CLANG_WARN_RANGE_LOOP_ANALYSIS = YES;
				CLANG_WARN_STRICT_PROTOTYPES = YES;
				CLANG_WARN_SUSPICIOUS_MOVE = YES;
				CLANG_WARN_UNGUARDED_AVAILABILITY = YES_AGGRESSIVE;
				CLANG_WARN_UNREACHABLE_CODE = YES;
				CLANG_WARN__DUPLICATE_METHOD_MATCH = YES;
				COPY_PHASE_STRIP = NO;
				DEBUG_INFORMATION_FORMAT = dwarf;
				ENABLE_STRICT_OBJC_MSGSEND = YES;
				ENABLE_TESTABILITY = YES;
				GCC_C_LANGUAGE_STANDARD = gnu11;
				GCC_DYNAMIC_NO_PIC = NO;
				GCC_NO_COMMON_BLOCKS = YES;
				GCC_OPTIMIZATION_LEVEL = 0;
				GCC_PREPROCESSOR_DEFINITIONS = (
					"DEBUG=1",
					"$(inherited)",
				);
				GCC_WARN_64_TO_32_BIT_CONVERSION = YES;
				GCC_WARN_ABOUT_RETURN_TYPE = YES_ERROR;
				GCC_WARN_UNDECLARED_SELECTOR = YES;
				GCC_WARN_UNINITIALIZED_AUTOS = YES_AGGRESSIVE;
				GCC_WARN_UNUSED_FUNCTION = YES;
				GCC_WARN_UNUSED_VARIABLE = YES;
				IPHONEOS_DEPLOYMENT_TARGET = 13.4;
				MTL_ENABLE_DEBUG_INFO = INCLUDE_SOURCE;
				MTL_FAST_MATH = YES;
				ONLY_ACTIVE_ARCH = YES;
				SDKROOT = iphoneos;
				SWIFT_ACTIVE_COMPILATION_CONDITIONS = DEBUG;
				SWIFT_OPTIMIZATION_LEVEL = "-Onone";
			};
			name = Debug;
		};
		AFAC863124686D4D005F908D /* Release */ = {
			isa = XCBuildConfiguration;
			buildSettings = {
				ALWAYS_SEARCH_USER_PATHS = NO;
				CLANG_ANALYZER_NONNULL = YES;
				CLANG_ANALYZER_NUMBER_OBJECT_CONVERSION = YES_AGGRESSIVE;
				CLANG_CXX_LANGUAGE_STANDARD = "gnu++14";
				CLANG_CXX_LIBRARY = "libc++";
				CLANG_ENABLE_MODULES = YES;
				CLANG_ENABLE_OBJC_ARC = YES;
				CLANG_ENABLE_OBJC_WEAK = YES;
				CLANG_WARN_BLOCK_CAPTURE_AUTORELEASING = YES;
				CLANG_WARN_BOOL_CONVERSION = YES;
				CLANG_WARN_COMMA = YES;
				CLANG_WARN_CONSTANT_CONVERSION = YES;
				CLANG_WARN_DEPRECATED_OBJC_IMPLEMENTATIONS = YES;
				CLANG_WARN_DIRECT_OBJC_ISA_USAGE = YES_ERROR;
				CLANG_WARN_DOCUMENTATION_COMMENTS = YES;
				CLANG_WARN_EMPTY_BODY = YES;
				CLANG_WARN_ENUM_CONVERSION = YES;
				CLANG_WARN_INFINITE_RECURSION = YES;
				CLANG_WARN_INT_CONVERSION = YES;
				CLANG_WARN_NON_LITERAL_NULL_CONVERSION = YES;
				CLANG_WARN_OBJC_IMPLICIT_RETAIN_SELF = YES;
				CLANG_WARN_OBJC_LITERAL_CONVERSION = YES;
				CLANG_WARN_OBJC_ROOT_CLASS = YES_ERROR;
				CLANG_WARN_RANGE_LOOP_ANALYSIS = YES;
				CLANG_WARN_STRICT_PROTOTYPES = YES;
				CLANG_WARN_SUSPICIOUS_MOVE = YES;
				CLANG_WARN_UNGUARDED_AVAILABILITY = YES_AGGRESSIVE;
				CLANG_WARN_UNREACHABLE_CODE = YES;
				CLANG_WARN__DUPLICATE_METHOD_MATCH = YES;
				COPY_PHASE_STRIP = NO;
				DEBUG_INFORMATION_FORMAT = "dwarf-with-dsym";
				ENABLE_NS_ASSERTIONS = NO;
				ENABLE_STRICT_OBJC_MSGSEND = YES;
				GCC_C_LANGUAGE_STANDARD = gnu11;
				GCC_NO_COMMON_BLOCKS = YES;
				GCC_WARN_64_TO_32_BIT_CONVERSION = YES;
				GCC_WARN_ABOUT_RETURN_TYPE = YES_ERROR;
				GCC_WARN_UNDECLARED_SELECTOR = YES;
				GCC_WARN_UNINITIALIZED_AUTOS = YES_AGGRESSIVE;
				GCC_WARN_UNUSED_FUNCTION = YES;
				GCC_WARN_UNUSED_VARIABLE = YES;
				IPHONEOS_DEPLOYMENT_TARGET = 13.4;
				MTL_ENABLE_DEBUG_INFO = NO;
				MTL_FAST_MATH = YES;
				SDKROOT = iphoneos;
				SWIFT_COMPILATION_MODE = wholemodule;
				SWIFT_OPTIMIZATION_LEVEL = "-O";
				VALIDATE_PRODUCT = YES;
			};
			name = Release;
		};
		AFAC863324686D4D005F908D /* Debug */ = {
			isa = XCBuildConfiguration;
			buildSettings = {
				ASSETCATALOG_COMPILER_APPICON_NAME = AppIcon;
				CODE_SIGN_STYLE = Automatic;
				DEVELOPMENT_TEAM = AJ38HSGQVX;
				INFOPLIST_FILE = "My_lesson19_UITableView+Model/Info.plist";
				IPHONEOS_DEPLOYMENT_TARGET = 12.2;
				LD_RUNPATH_SEARCH_PATHS = (
					"$(inherited)",
					"@executable_path/Frameworks",
				);
				PRODUCT_BUNDLE_IDENTIFIER = "oleg.Chudnovskiy-gmail.com.My-lesson19-UITableView-Model";
				PRODUCT_NAME = "$(TARGET_NAME)";
				SWIFT_VERSION = 5.0;
				TARGETED_DEVICE_FAMILY = "1,2";
			};
			name = Debug;
		};
		AFAC863424686D4D005F908D /* Release */ = {
			isa = XCBuildConfiguration;
			buildSettings = {
				ASSETCATALOG_COMPILER_APPICON_NAME = AppIcon;
				CODE_SIGN_STYLE = Automatic;
				DEVELOPMENT_TEAM = AJ38HSGQVX;
				INFOPLIST_FILE = "My_lesson19_UITableView+Model/Info.plist";
				IPHONEOS_DEPLOYMENT_TARGET = 12.2;
				LD_RUNPATH_SEARCH_PATHS = (
					"$(inherited)",
					"@executable_path/Frameworks",
				);
				PRODUCT_BUNDLE_IDENTIFIER = "oleg.Chudnovskiy-gmail.com.My-lesson19-UITableView-Model";
				PRODUCT_NAME = "$(TARGET_NAME)";
				SWIFT_VERSION = 5.0;
				TARGETED_DEVICE_FAMILY = "1,2";
			};
			name = Release;
		};
/* End XCBuildConfiguration section */

/* Begin XCConfigurationList section */
		AFAC861924686D4B005F908D /* Build configuration list for PBXProject "My_lesson19_UITableView+Model" */ = {
			isa = XCConfigurationList;
			buildConfigurations = (
				AFAC863024686D4D005F908D /* Debug */,
				AFAC863124686D4D005F908D /* Release */,
			);
			defaultConfigurationIsVisible = 0;
			defaultConfigurationName = Release;
		};
		AFAC863224686D4D005F908D /* Build configuration list for PBXNativeTarget "My_lesson19_UITableView+Model" */ = {
			isa = XCConfigurationList;
			buildConfigurations = (
				AFAC863324686D4D005F908D /* Debug */,
				AFAC863424686D4D005F908D /* Release */,
			);
			defaultConfigurationIsVisible = 0;
			defaultConfigurationName = Release;
		};
/* End XCConfigurationList section */
	};
	rootObject = AFAC861624686D4B005F908D /* Project object */;
}
